<?xml version="1.0" encoding="utf-8"?>
<Project ToolsVersion="4.0" xmlns="http://schemas.microsoft.com/developer/msbuild/2003">
  <ItemGroup>
    <Filter Include="Source Files">
      <UniqueIdentifier>{4FC737F1-C7A5-4376-A066-2A32D752A2FF}</UniqueIdentifier>
      <Extensions>cpp;c;cc;cxx;def;odl;idl;hpj;bat;asm;asmx</Extensions>
    </Filter>
    <Filter Include="Header Files">
      <UniqueIdentifier>{93995380-89BD-4b04-88EB-625FBE52EBFB}</UniqueIdentifier>
      <Extensions>h;hh;hpp;hxx;hm;inl;inc;xsd</Extensions>
    </Filter>
    <Filter Include="Resource Files">
      <UniqueIdentifier>{67DA6AB6-F800-4c08-8B7A-83BB121AAD01}</UniqueIdentifier>
      <Extensions>rc;ico;cur;bmp;dlg;rc2;rct;bin;rgs;gif;jpg;jpeg;jpe;resx;tiff;tif;png;wav;mfcribbon-ms</Extensions>
    </Filter>
    <Filter Include="Source Files\program">
      <UniqueIdentifier>{b9cc36bf-24ad-46ff-9586-8238fa524940}</UniqueIdentifier>
    </Filter>
  </ItemGroup>
  <ItemGroup>
    <ClCompile Include="button.cpp">
      <Filter>Source Files</Filter>
    </ClCompile>
    <ClCompile Include="main.cpp">
      <Filter>Source Files</Filter>
    </ClCompile>
    <ClCompile Include="MainWindow.cpp">
      <Filter>Source Files</Filter>
    </ClCompile>
    <ClCompile Include="SFMLManager.cpp">
      <Filter>Source Files</Filter>
    </ClCompile>
    <ClCompile Include="stdafx.cpp">
      <Filter>Source Files</Filter>
    </ClCompile>
    <ClCompile Include="calendar.cpp">
      <Filter>Source Files</Filter>
    </ClCompile>
    <ClCompile Include="..\WhatToDo\Command.cpp">
      <Filter>Source Files\program</Filter>
    </ClCompile>
    <ClCompile Include="..\WhatToDo\CommandAdd.cpp">
      <Filter>Source Files\program</Filter>
    </ClCompile>
    <ClCompile Include="..\WhatToDo\CommandClear.cpp">
      <Filter>Source Files\program</Filter>
    </ClCompile>
    <ClCompile Include="..\WhatToDo\CommandDelete.cpp">
      <Filter>Source Files\program</Filter>
    </ClCompile>
    <ClCompile Include="..\WhatToDo\CommandDisplay.cpp">
      <Filter>Source Files\program</Filter>
    </ClCompile>
    <ClCompile Include="..\WhatToDo\CommandDone.cpp">
      <Filter>Source Files\program</Filter>
    </ClCompile>
    <ClCompile Include="..\WhatToDo\CommandEdit.cpp">
      <Filter>Source Files\program</Filter>
    </ClCompile>
    <ClCompile Include="..\WhatToDo\CommandLoad.cpp">
      <Filter>Source Files\program</Filter>
    </ClCompile>
    <ClCompile Include="..\WhatToDo\CommandRedo.cpp">
      <Filter>Source Files\program</Filter>
    </ClCompile>
    <ClCompile Include="..\WhatToDo\CommandSearch.cpp">
      <Filter>Source Files\program</Filter>
    </ClCompile>
    <ClCompile Include="..\WhatToDo\CommandUndo.cpp">
      <Filter>Source Files\program</Filter>
    </ClCompile>
    <ClCompile Include="..\WhatToDo\LogicData.cpp">
      <Filter>Source Files\program</Filter>
    </ClCompile>
    <ClCompile Include="..\WhatToDo\LogicExecutor.cpp">
      <Filter>Source Files\program</Filter>
    </ClCompile>
    <ClCompile Include="..\WhatToDo\LogicParser.cpp">
      <Filter>Source Files\program</Filter>
    </ClCompile>
    <ClCompile Include="..\WhatToDo\LogicParserCommandCreator.cpp">
      <Filter>Source Files\program</Filter>
    </ClCompile>
    <ClCompile Include="..\WhatToDo\LogicParserCommandDetailsParser.cpp">
      <Filter>Source Files\program</Filter>
    </ClCompile>
    <ClCompile Include="..\WhatToDo\LogicParserDateTimeParser.cpp">
      <Filter>Source Files\program</Filter>
    </ClCompile>
    <ClCompile Include="..\WhatToDo\LogicParserStringModifier.cpp">
      <Filter>Source Files\program</Filter>
    </ClCompile>
    <ClCompile Include="..\WhatToDo\State.cpp">
      <Filter>Source Files\program</Filter>
    </ClCompile>
    <ClCompile Include="..\WhatToDo\StorageConverter.cpp">
      <Filter>Source Files\program</Filter>
    </ClCompile>
    <ClCompile Include="..\WhatToDo\StorageDatabase.cpp">
      <Filter>Source Files\program</Filter>
    </ClCompile>
    <ClCompile Include="..\WhatToDo\StorageExecutor.cpp">
      <Filter>Source Files\program</Filter>
    </ClCompile>
    <ClCompile Include="..\WhatToDo\Task.cpp">
      <Filter>Source Files\program</Filter>
    </ClCompile>
    <ClCompile Include="agenda.cpp">
      <Filter>Source Files</Filter>
    </ClCompile>
    <ClCompile Include="commandfield.cpp">
      <Filter>Source Files</Filter>
    </ClCompile>
    <ClCompile Include="searchbar.cpp">
      <Filter>Source Files</Filter>
    </ClCompile>
  </ItemGroup>
  <ItemGroup>
    <ClInclude Include="button.h">
      <Filter>Header Files</Filter>
    </ClInclude>
    <ClInclude Include="main.h">
      <Filter>Header Files</Filter>
    </ClInclude>
    <ClInclude Include="MainWindow.h">
      <Filter>Header Files</Filter>
    </ClInclude>
    <ClInclude Include="resource.h">
      <Filter>Header Files</Filter>
    </ClInclude>
    <ClInclude Include="SFMLManager.h">
      <Filter>Header Files</Filter>
    </ClInclude>
    <ClInclude Include="stdafx.h">
      <Filter>Header Files</Filter>
    </ClInclude>
    <ClInclude Include="targetver.h">
      <Filter>Header Files</Filter>
    </ClInclude>
    <ClInclude Include="calendar.h">
      <Filter>Header Files</Filter>
    </ClInclude>
    <ClInclude Include="..\WhatToDo\State.h">
      <Filter>Header Files</Filter>
    </ClInclude>
    <ClInclude Include="agenda.h">
      <Filter>Header Files</Filter>
    </ClInclude>
    <ClInclude Include="commandfield.h">
      <Filter>Header Files</Filter>
    </ClInclude>
    <ClInclude Include="searchbar.h">
      <Filter>Header Files</Filter>
    </ClInclude>
  </ItemGroup>
</Project>